
Microsoft Visual Studio Solution File, Format Version 12.00
# Visual Studio Version 16
VisualStudioVersion = 16.0.30621.155
MinimumVisualStudioVersion = 10.0.40219.1
Project("{FAE04EC0-301F-11D3-BF4B-00C04F79EFBC}") = "SquadCSharpDiscord", "SquadCSharpDiscord\SquadCSharpDiscord.csproj", "{C91AB6FE-3CC4-4AC3-A915-485DCF9B842A}"
EndProject
Global
	GlobalSection(SolutionConfigurationPlatforms) = preSolution
		Debug|Any CPU = Debug|Any CPU
		Release|Any CPU = Release|Any CPU
	EndGlobalSection
	GlobalSection(ProjectConfigurationPlatforms) = postSolution
		{C91AB6FE-3CC4-4AC3-A915-485DCF9B842A}.Debug|Any CPU.ActiveCfg = Debug|Any CPU
		{C91AB6FE-3CC4-4AC3-A915-485DCF9B842A}.Debug|Any CPU.Build.0 = Debug|Any CPU
		{C91AB6FE-3CC4-4AC3-A915-485DCF9B842A}.Release|Any CPU.ActiveCfg = Release|Any CPU
		{C91AB6FE-3CC4-4AC3-A915-485DCF9B842A}.Release|Any CPU.Build.0 = Release|Any CPU
	EndGlobalSection
	GlobalSection(SolutionProperties) = preSolution
		HideSolutionNode = FALSE
	EndGlobalSection
	GlobalSection(ExtensibilityGlobals) = postSolution
		SolutionGuid = {807E0A46-EAAB-4588-88DE-3BF5E9A53AB3}
	EndGlobalSection
EndGlobal
